github.com/Masterminds/semver/v3 v3.2.0 h1:3MEsd0SM6jqZojhjLWWeBY+Kcjy9i6MQAeY7YgDP83g=
github.com/Masterminds/semver/v3 v3.2.0/go.mod h1:qvl/7zhW3nngYb5+80sSMF+FG2BjYrf8m9wsX0PNOMQ=
github.com/aws/aws-sdk-go-v2 v1.17.6/go.mod h1:uzbQtefpm44goOPmdKyAlXSNcwlRgF3ePWVW6EtJvvw=
github.com/aws/aws-sdk-go-v2 v1.17.7 h1:CLSjnhJSTSogvqUGhIC6LqFKATMRexcxLZ0i/Nzk9Eg=
github.com/aws/aws-sdk-go-v2 v1.17.7/go.mod h1:uzbQtefpm44goOPmdKyAlXSNcwlRgF3ePWVW6EtJvvw=
github.com/aws/aws-sdk-go-v2/aws/protocol/eventstream v1.4.10 h1:dK82zF6kkPeCo8J1e+tGx4JdvDIQzj7ygIoLg8WMuGs=
github.com/aws/aws-sdk-go-v2/aws/protocol/eventstream v1.4.10/go.mod h1:VeTZetY5KRJLuD/7fkQXMU6Mw7H5m/KP2J5Iy9osMno=
github.com/aws/aws-sdk-go-v2/config v1.18.16 h1:4r7gsCu8Ekwl5iJGE/GmspA2UifqySCCkyyyPFeWs3w=
github.com/aws/aws-sdk-go-v2/config v1.18.16/go.mod h1:XjM6lVbq7UgELp9NjXBrb1DQY/ownlWsvDhEQksemJc=
github.com/aws/aws-sdk-go-v2/credentials v1.13.16 h1:GgToSxaENX/1zXIGNFfiVk4hxryYJ5Vt4Mh8XLAL7Lc=
github.com/aws/aws-sdk-go-v2/credentials v1.13.16/go.mod h1:KP7aFJhfwPFgx9aoVYL2nYHjya5WBD98CWaadpgmnpY=
github.com/aws/aws-sdk-go-v2/feature/ec2/imds v1.12.24 h1:5qyqXASrX2zy5cTnoHHa4N2c3Lc94GH7gjnBP3GwKdU=
github.com/aws/aws-sdk-go-v2/feature/ec2/imds v1.12.24/go.mod h1:neYVaeKr5eT7BzwULuG2YbLhzWZ22lpjKdCybR7AXrQ=
github.com/aws/aws-sdk-go-v2/internal/configsources v1.1.30/go.mod h1:LUBAO3zNXQjoONBKn/kR1y0Q4cj/D02Ts0uHYjcCQLM=
github.com/aws/aws-sdk-go-v2/internal/configsources v1.1.31 h1:sJLYcS+eZn5EeNINGHSCRAwUJMFVqklwkH36Vbyai7M=
github.com/aws/aws-sdk-go-v2/internal/configsources v1.1.31/go.mod h1:QT0BqUvX1Bh2ABdTGnjqEjvjzrCfIniM9Sc8zn9Yndo=
github.com/aws/aws-sdk-go-v2/internal/endpoints/v2 v2.4.24/go.mod h1:gAuCezX/gob6BSMbItsSlMb6WZGV7K2+fWOvk8xBSto=
github.com/aws/aws-sdk-go-v2/internal/endpoints/v2 v2.4.25 h1:1mnRASEKnkqsntcxHaysxwgVoUUp5dkiB+l3llKnqyg=
github.com/aws/aws-sdk-go-v2/internal/endpoints/v2 v2.4.25/go.mod h1:zBHOPwhBc3FlQjQJE/D3IfPWiWaQmT06Vq9aNukDo0k=
github.com/aws/aws-sdk-go-v2/internal/ini v1.3.31 h1:hf+Vhp5WtTdcSdE+yEcUz8L73sAzN0R+0jQv+Z51/mI=
github.com/aws/aws-sdk-go-v2/internal/ini v1.3.31/go.mod h1:5zUjguZfG5qjhG9/wqmuyHRyUftl2B5Cp6NNxNC6kRA=
github.com/aws/aws-sdk-go-v2/internal/v4a v1.0.22 h1:lTqBRUuy8oLhBsnnVZf14uRbIHPHCrGqg4Plc8gU/1U=
github.com/aws/aws-sdk-go-v2/internal/v4a v1.0.22/go.mod h1:YsOa3tFriwWNvBPYHXM5ARiU2yqBNWPWeUiq+4i7Na0=
github.com/aws/aws-sdk-go-v2/service/costexplorer v1.25.6 h1:flSz0zhsnDcyqvmc1z7W35W4RxzvZWTyz7ERbi0jtMw=
github.com/aws/aws-sdk-go-v2/service/costexplorer v1.25.6/go.mod h1:ycUct7/3zf5EmSK/ygiSPtoMi1/r3yndPLs0AdJL+FI=
github.com/aws/aws-sdk-go-v2/service/internal/accept-encoding v1.9.11 h1:y2+VQzC6Zh2ojtV2LoC0MNwHWc6qXv/j2vrQtlftkdA=
github.com/aws/aws-sdk-go-v2/service/internal/accept-encoding v1.9.11/go.mod h1:iV4q2hsqtNECrfmlXyord9u4zyuFEJX9eLgLpSPzWA8=
github.com/aws/aws-sdk-go-v2/service/internal/checksum v1.1.25 h1:B/hO3jfWRm7hP00UeieNlI5O2xP5WJ27tyJG5lzc7AM=
github.com/aws/aws-sdk-go-v2/service/internal/checksum v1.1.25/go.mod h1:54K1zgxK/lai3a4HosE4IKBwZsP/5YAJ6dzJfwsjJ0U=
github.com/aws/aws-sdk-go-v2/service/internal/presigned-url v1.9.24 h1:c5qGfdbCHav6viBwiyDns3OXqhqAbGjfIB4uVu2ayhk=
github.com/aws/aws-sdk-go-v2/service/internal/presigned-url v1.9.24/go.mod h1:HMA4FZG6fyib+NDo5bpIxX1EhYjrAOveZJY2YR0xrNE=
github.com/aws/aws-sdk-go-v2/service/internal/s3shared v1.13.24 h1:i4RH8DLv/BHY0fCrXYQDr+DGnWzaxB3Ee/esxUaSavk=
github.com/aws/aws-sdk-go-v2/service/internal/s3shared v1.13.24/go.mod h1:N8X45/o2cngvjCYi2ZnvI0P4mU4ZRJfEYC3maCSsPyw=
github.com/aws/aws-sdk-go-v2/service/s3 v1.30.6 h1:zzTm99krKsFcF4N7pu2z17yCcAZpQYZ7jnJZPIgEMXE=
github.com/aws/aws-sdk-go-v2/service/s3 v1.30.6/go.mod h1:PudwVKUTApfm0nYaPutOXaKdPKTlZYClGBQpVIRdcbs=
github.com/aws/aws-sdk-go-v2/service/sso v1.12.5 h1:bdKIX6SVF3nc3xJFw6Nf0igzS6Ff/louGq8Z6VP/3Hs=
github.com/aws/aws-sdk-go-v2/service/sso v1.12.5/go.mod h1:vuWiaDB30M/QTC+lI3Wj6S/zb7tpUK2MSYgy3Guh2L0=
github.com/aws/aws-sdk-go-v2/service/ssooidc v1.14.5 h1:xLPZMyuZ4GuqRCIec/zWuIhRFPXh2UOJdLXBSi64ZWQ=
github.com/aws/aws-sdk-go-v2/service/ssooidc v1.14.5/go.mod h1:QjxpHmCwAg0ESGtPQnLIVp7SedTOBMYy+Slr3IfMKeI=
github.com/aws/aws-sdk-go-v2/service/sts v1.18.6 h1:rIFn5J3yDoeuKCE9sESXqM5POTAhOP1du3bv/qTL+tE=
github.com/aws/aws-sdk-go-v2/service/sts v1.18.6/go.mod h1:48WJ9l3dwP0GSHWGc5sFGGlCkuA82Mc2xnw+T6Q8aDw=
github.com/aws/jsii-runtime-go v1.77.0 h1:jhb0H395us+QzIG3yUuzgoP63cL2YQPnSlMQ572WoYM=
github.com/aws/jsii-runtime-go v1.77.0/go.mod h1:1YWJ9VJ3bwe03Nsq2rsGFA0uQIiJZo0FEKfxK6j7cGg=
github.com/aws/smithy-go v1.13.5 h1:hgz0X/DX0dGqTYpGALqXJoRKRj5oQ7150i5FdTePzO8=
github.com/aws/smithy-go v1.13.5/go.mod h1:Tg+OJXh4MB2R/uN61Ko2f6hTZwB/ZYGOtib8J3gBHzA=
github.com/davecgh/go-spew v1.1.0/go.mod h1:J7Y8YcW2NihsgmVo/mv3lAwl/skON4iLHjSsI+c5H38=
github.com/davecgh/go-spew v1.1.1 h1:vj9j/u1bqnvCEfJOwUhtlOARqs3+rkHYY13jYWTU97c=
github.com/davecgh/go-spew v1.1.1/go.mod h1:J7Y8YcW2NihsgmVo/mv3lAwl/skON4iLHjSsI+c5H38=
github.com/go-chi/chi/v5 v5.0.0/go.mod h1:BBug9lr0cqtdAhsu6R4AAdvufI0/XBzAQSsUqJpoZOs=
github.com/go-chi/chi/v5 v5.0.8 h1:lD+NLqFcAi1ovnVZpsnObHGW4xb4J8lNmoYVfECH1Y0=
github.com/go-chi/chi/v5 v5.0.8/go.mod h1:DslCQbL2OYiznFReuXYUmQ2hGd1aDpCnlMNITLSKoi8=
github.com/go-chi/hostrouter v0.2.0 h1:GwC7TZz8+SlJN/tV/aeJgx4F+mI5+sp+5H1PelQUjHM=
github.com/go-chi/hostrouter v0.2.0/go.mod h1:pJ49vWVmtsKRKZivQx0YMYv4h0aX+Gcn6V23Np9Wf1s=
github.com/go-test/deep v1.1.0 h1:WOcxcdHcvdgThNXjw0t76K42FXTU7HpNQWHpA2HHNlg=
github.com/go-test/deep v1.1.0/go.mod h1:5C2ZWiW0ErCdrYzpqxLbTX7MG14M9iiw8DgHncVwcsE=
github.com/google/go-cmp v0.5.8 h1:e6P7q2lk1O+qJJb4BtCQXlK8vWEO8V1ZeuEdJNOqZyg=
github.com/google/go-cmp v0.5.8/go.mod h1:17dUlkBOakJ0+DkrSSNjCkIjxS6bF9zb3elmeNGIjoY=
github.com/jmespath/go-jmespath v0.4.0/go.mod h1:T8mJZnbsbmF+m6zOOFylbeCJqk5+pHWvzYPziyZiYoo=
github.com/jmespath/go-jmespath/internal/testify v1.5.1/go.mod h1:L3OGu8Wl2/fWfCI6z80xFu9LTZmf1ZRjMHUOPmWr69U=
github.com/jmulhern/heritage v0.1.3 h1:lJjDVVf340Ym9fevGHX+nBaU8JSH19Tcn0EvJAC0qxc=
github.com/jmulhern/heritage v0.1.3/go.mod h1:0LAGVZLDSRdyKKYtqZCJurU0d6LfuFfeJBuMSTuK7S8=
github.com/mattn/go-isatty v0.0.17 h1:BTarxUcIeDqL27Mc+vyvdWYSL28zpIhv3RoTdsLMPng=
github.com/mattn/go-isatty v0.0.17/go.mod h1:kYGgaQfpe5nmfYZH+SKPsOc2e4SrIfOl2e/yFXSvRLM=
github.com/pmezard/go-difflib v1.0.0 h1:4DBwDE0NGyQoBHbLQYPwSUPoCMWR5BEzIk/f1lZbAQM=
github.com/pmezard/go-difflib v1.0.0/go.mod h1:iKH77koFhYxTK1pcRnkKkqfTogsbg7gZNVY4sRDYZ/4=
github.com/stretchr/objx v0.1.0/go.mod h1:HFkY916IF+rwdDfMAkV7OtwuqBVzrE8GR6GFx+wExME=
github.com/stretchr/objx v0.4.0/go.mod h1:YvHI0jy2hoMjB+UWwv71VJQ9isScKT/TqJzVSSt89Yw=
github.com/stretchr/objx v0.5.0/go.mod h1:Yh+to48EsGEfYuaHDzXPcE3xhTkx73EhmCGUpEOglKo=
github.com/stretchr/testify v1.7.1/go.mod h1:6Fq8oRcR53rry900zMqJjRRixrwX3KX962/h/Wwjteg=
github.com/stretchr/testify v1.8.0/go.mod h1:yNjHg4UonilssWZ8iaSj1OCr/vHnekPRkoO+kdMU+MU=
github.com/stretchr/testify v1.8.2 h1:+h33VjcLVPDHtOdpUCuF+7gSuG3yGIftsP1YvFihtJ8=
github.com/stretchr/testify v1.8.2/go.mod h1:w2LPCIKwWwSfY2zedu0+kehJoqGctiVI29o6fzry7u4=
github.com/toorop/go-dkim v0.0.0-20201103131630-e1cd1a0a5208 h1:PM5hJF7HVfNWmCjMdEfbuOBNXSVF2cMFGgQTPdKCbwM=
github.com/toorop/go-dkim v0.0.0-20201103131630-e1cd1a0a5208/go.mod h1:BzWtXXrXzZUvMacR0oF/fbDDgUPO8L36tDMmRAf14ns=
github.com/xhit/go-simple-mail/v2 v2.13.0 h1:OANWU9jHZrVfBkNkvLf8Ww0fexwpQVF/v/5f96fFTLI=
github.com/xhit/go-simple-mail/v2 v2.13.0/go.mod h1:b7P5ygho6SYE+VIqpxA6QkYfv4teeyG4MKqB3utRu98=
github.com/yuin/goldmark v1.4.13 h1:fVcFKWvrslecOb/tg+Cc05dkeYx540o0FuFt3nUVDoE=
github.com/yuin/goldmark v1.4.13/go.mod h1:6yULJ656Px+3vBD8DxQVa3kxgyrAnzto9xy5taEt/CY=
golang.org/x/crypto v0.0.0-20190308221718-c2843e01d9a2/go.mod h1:djNgcEr1/C05ACkg1iLfiJU5Ep61QUkGW8qpdssI0+w=
golang.org/x/crypto v0.0.0-20191011191535-87dc89f01550/go.mod h1:yigFU9vqHzYiE8UmvKecakEJjdnWj3jj499lnFckfCI=
golang.org/x/lint v0.0.0-20210508222113-6edffad5e616 h1:VLliZ0d+/avPrXXH+OakdXhpJuEoBZuwh1m2j7U6Iug=
golang.org/x/lint v0.0.0-20210508222113-6edffad5e616/go.mod h1:3xt1FjdF8hUf6vQPIChWIBhFzV8gjjsPE/fR3IyQdNY=
golang.org/x/mod v0.1.1-0.20191105210325-c90efee705ee/go.mod h1:QqPTAvyqsEbceGzBzNggFXnrqF1CaUcvgkdR5Ot7KZg=
golang.org/x/mod v0.8.0 h1:LUYupSeNrTNCGzR/hVBk2NHZO4hXcVaW1k4Qx7rjPx8=
golang.org/x/mod v0.8.0/go.mod h1:iBbtSCu2XBx23ZKBPSOrRkjjQPZFPuis4dIYUhu/chs=
golang.org/x/net v0.0.0-20190404232315-eb5bcb51f2a3/go.mod h1:t9HGtf8HONx5eT2rtn7q6eTqICYqUVnKs3thJo3Qplg=
golang.org/x/net v0.0.0-20190620200207-3b0461eec859/go.mod h1:z5CRVTTTmAJ677TzLLGU+0bjPO0LkuOLi4/5GtJWs/s=
golang.org/x/sync v0.0.0-20190423024810-112230192c58/go.mod h1:RxMgew5VJxzue5/jJTE5uejpjVlOe/izrB70Jof72aM=
golang.org/x/sync v0.1.0 h1:wsuoTGHzEhffawBOhz5CYhcrV4IdKZbEyZjBMuTp12o=
golang.org/x/sys v0.0.0-20190215142949-d0b11bdaac8a/go.mod h1:STP8DvDyc/dI5b8T5hshtkjS+E42TnysNCUPdjciGhY=
golang.org/x/sys v0.0.0-20190412213103-97732733099d/go.mod h1:h1NjWce9XRLGQEsW7wpKNCjG9DtNlClVuFLEZdDNbEs=
golang.org/x/sys v0.0.0-20220811171246-fbc7d0a398ab/go.mod h1:oPkhp1MJrh7nUepCBck5+mAzfO9JrbApNNgaTdGDITg=
golang.org/x/sys v0.5.0 h1:MUK/U/4lj1t1oPg0HfuXDN/Z1wv31ZJ/YcPiGccS4DU=
golang.org/x/sys v0.5.0/go.mod h1:oPkhp1MJrh7nUepCBck5+mAzfO9JrbApNNgaTdGDITg=
golang.org/x/text v0.3.0/go.mod h1:NqM8EUOU14njkJ3fqMW+pc6Ldnwhi/IjpwHt7yyuwOQ=
golang.org/x/tools v0.0.0-20200130002326-2f3ba24bd6e7/go.mod h1:TB2adYChydJhpapKDTa4BR/hXlZSLoq2Wpct/0txZ28=
golang.org/x/tools v0.6.0 h1:BOw41kyTf3PuCW1pVQf8+Cyg8pMlkYB1oo9iJ6D/lKM=
golang.org/x/tools v0.6.0/go.mod h1:Xwgl3UAJ/d3gWutnCtw505GrjyAbvKui8lOU390QaIU=
golang.org/x/xerrors v0.0.0-20191011141410-1b5146add898/go.mod h1:I/5z698sn9Ka8TeJc9MKroUUfqBBauWjQqLJ2OPfmY0=
gopkg.in/check.v1 v0.0.0-20161208181325-20d25e280405 h1:yhCVgyC4o1eVCa2tZl7eS0r+SDo693bJlVdllGtEeKM=
gopkg.in/check.v1 v0.0.0-20161208181325-20d25e280405/go.mod h1:Co6ibVJAznAaIkqp8huTwlJQCZ016jof/cbN4VW5Yz0=
gopkg.in/yaml.v2 v2.2.8/go.mod h1:hI93XBmqTisBFMUTm0b8Fm+jr3Dg1NNxqwp+5A1VGuI=
gopkg.in/yaml.v3 v3.0.0-20200313102051-9f266ea9e77c/go.mod h1:K4uyk7z7BCEPqu6E+C64Yfv1cQ7kz7rIZviUmN+EgEM=
gopkg.in/yaml.v3 v3.0.1 h1:fxVm/GzAzEWqLHuvctI91KS9hhNmmWOoWu0XTYJS7CA=
gopkg.in/yaml.v3 v3.0.1/go.mod h1:K4uyk7z7BCEPqu6E+C64Yfv1cQ7kz7rIZviUmN+EgEM=
